
Microsoft Visual Studio Solution File, Format Version 11.00
# Visual Studio 2010
Project("{F184B08F-C81C-45F6-A57F-5ABD9991F28F}") = "zExcel", "zExcel\zExcel.vbproj", "{285E1C41-0B15-444D-A5B8-D0F2B6C12BB1}"
EndProject
Global
	GlobalSection(SolutionConfigurationPlatforms) = preSolution
		Debug|Any CPU = Debug|Any CPU
		Release|Any CPU = Release|Any CPU
	EndGlobalSection
	GlobalSection(ProjectConfigurationPlatforms) = postSolution
		{285E1C41-0B15-444D-A5B8-D0F2B6C12BB1}.Debug|Any CPU.ActiveCfg = Debug|Any CPU
		{285E1C41-0B15-444D-A5B8-D0F2B6C12BB1}.Debug|Any CPU.Build.0 = Debug|Any CPU
		{285E1C41-0B15-444D-A5B8-D0F2B6C12BB1}.Release|Any CPU.ActiveCfg = Release|Any CPU
		{285E1C41-0B15-444D-A5B8-D0F2B6C12BB1}.Release|Any CPU.Build.0 = Release|Any CPU
	EndGlobalSection
	GlobalSection(SolutionProperties) = preSolution
		HideSolutionNode = FALSE
	EndGlobalSection
EndGlobal
